
Microsoft Visual Studio Solution File, Format Version 12.00
# Visual Studio Version 17
VisualStudioVersion = 17.7.34024.191
MinimumVisualStudioVersion = 10.0.40219.1
Project("{8BC9CEB8-8B4A-11D0-8D11-00A0C91BC942}") = "Lab_1.3", "Lab_1.3.vcxproj", "{A6FC0FB7-1777-4470-9026-E80A582431AC}"
EndProject
Project("{8BC9CEB8-8B4A-11D0-8D11-00A0C91BC942}") = "UnitTest2", "..\UnitTest2\UnitTest2.vcxproj", "{4E6AFF43-4470-4FCB-99E4-9FACBA301F97}"
EndProject
Global
	GlobalSection(SolutionConfigurationPlatforms) = preSolution
		Debug|x64 = Debug|x64
		Debug|x86 = Debug|x86
		Release|x64 = Release|x64
		Release|x86 = Release|x86
	EndGlobalSection
	GlobalSection(ProjectConfigurationPlatforms) = postSolution
		{A6FC0FB7-1777-4470-9026-E80A582431AC}.Debug|x64.ActiveCfg = Debug|x64
		{A6FC0FB7-1777-4470-9026-E80A582431AC}.Debug|x64.Build.0 = Debug|x64
		{A6FC0FB7-1777-4470-9026-E80A582431AC}.Debug|x86.ActiveCfg = Debug|Win32
		{A6FC0FB7-1777-4470-9026-E80A582431AC}.Debug|x86.Build.0 = Debug|Win32
		{A6FC0FB7-1777-4470-9026-E80A582431AC}.Release|x64.ActiveCfg = Release|x64
		{A6FC0FB7-1777-4470-9026-E80A582431AC}.Release|x64.Build.0 = Release|x64
		{A6FC0FB7-1777-4470-9026-E80A582431AC}.Release|x86.ActiveCfg = Release|Win32
		{A6FC0FB7-1777-4470-9026-E80A582431AC}.Release|x86.Build.0 = Release|Win32
		{4E6AFF43-4470-4FCB-99E4-9FACBA301F97}.Debug|x64.ActiveCfg = Debug|x64
		{4E6AFF43-4470-4FCB-99E4-9FACBA301F97}.Debug|x64.Build.0 = Debug|x64
		{4E6AFF43-4470-4FCB-99E4-9FACBA301F97}.Debug|x86.ActiveCfg = Debug|Win32
		{4E6AFF43-4470-4FCB-99E4-9FACBA301F97}.Debug|x86.Build.0 = Debug|Win32
		{4E6AFF43-4470-4FCB-99E4-9FACBA301F97}.Release|x64.ActiveCfg = Release|x64
		{4E6AFF43-4470-4FCB-99E4-9FACBA301F97}.Release|x64.Build.0 = Release|x64
		{4E6AFF43-4470-4FCB-99E4-9FACBA301F97}.Release|x86.ActiveCfg = Release|Win32
		{4E6AFF43-4470-4FCB-99E4-9FACBA301F97}.Release|x86.Build.0 = Release|Win32
	EndGlobalSection
	GlobalSection(SolutionProperties) = preSolution
		HideSolutionNode = FALSE
	EndGlobalSection
	GlobalSection(ExtensibilityGlobals) = postSolution
		SolutionGuid = {483506DF-A545-4EEA-9349-D313937F8BAC}
	EndGlobalSection
EndGlobal
